// !$*UTF8*$!
{
	archiveVersion = 1;
	classes = {
	};
	objectVersion = 55;
	objects = {

/* Begin PBXBuildFile section */
		184C708F27F32CCA00373B39 /* AppDelegate.swift in Sources */ = {isa = PBXBuildFile; fileRef = 184C708E27F32CCA00373B39 /* AppDelegate.swift */; };
		184C709127F32CCA00373B39 /* SceneDelegate.swift in Sources */ = {isa = PBXBuildFile; fileRef = 184C709027F32CCA00373B39 /* SceneDelegate.swift */; };
		184C709327F32CCA00373B39 /* ViewController.swift in Sources */ = {isa = PBXBuildFile; fileRef = 184C709227F32CCA00373B39 /* ViewController.swift */; };
		184C709627F32CCA00373B39 /* Main.storyboard in Resources */ = {isa = PBXBuildFile; fileRef = 184C709427F32CCA00373B39 /* Main.storyboard */; };
		184C709827F32CCB00373B39 /* Assets.xcassets in Resources */ = {isa = PBXBuildFile; fileRef = 184C709727F32CCB00373B39 /* Assets.xcassets */; };
		184C709B27F32CCB00373B39 /* LaunchScreen.storyboard in Resources */ = {isa = PBXBuildFile; fileRef = 184C709927F32CCB00373B39 /* LaunchScreen.storyboard */; };
		184C70A627F32CCC00373B39 /* JSON_AssignmentTests.swift in Sources */ = {isa = PBXBuildFile; fileRef = 184C70A527F32CCC00373B39 /* JSON_AssignmentTests.swift */; };
		184C70B027F32CCC00373B39 /* JSON_AssignmentUITests.swift in Sources */ = {isa = PBXBuildFile; fileRef = 184C70AF27F32CCC00373B39 /* JSON_AssignmentUITests.swift */; };
		184C70B227F32CCC00373B39 /* JSON_AssignmentUITestsLaunchTests.swift in Sources */ = {isa = PBXBuildFile; fileRef = 184C70B127F32CCC00373B39 /* JSON_AssignmentUITestsLaunchTests.swift */; };
/* End PBXBuildFile section */

/* Begin PBXContainerItemProxy section */
		184C70A227F32CCC00373B39 /* PBXContainerItemProxy */ = {
			isa = PBXContainerItemProxy;
			containerPortal = 184C708327F32CCA00373B39 /* Project object */;
			proxyType = 1;
			remoteGlobalIDString = 184C708A27F32CCA00373B39;
			remoteInfo = "JSON Assignment";
		};
		184C70AC27F32CCC00373B39 /* PBXContainerItemProxy */ = {
			isa = PBXContainerItemProxy;
			containerPortal = 184C708327F32CCA00373B39 /* Project object */;
			proxyType = 1;
			remoteGlobalIDString = 184C708A27F32CCA00373B39;
			remoteInfo = "JSON Assignment";
		};
/* End PBXContainerItemProxy section */

/* Begin PBXFileReference section */
		184C708B27F32CCA00373B39 /* JSON Assignment.app */ = {isa = PBXFileReference; explicitFileType = wrapper.application; includeInIndex = 0; path = "JSON Assignment.app"; sourceTree = BUILT_PRODUCTS_DIR; };
		184C708E27F32CCA00373B39 /* AppDelegate.swift */ = {isa = PBXFileReference; lastKnownFileType = sourcecode.swift; path = AppDelegate.swift; sourceTree = "<group>"; };
		184C709027F32CCA00373B39 /* SceneDelegate.swift */ = {isa = PBXFileReference; lastKnownFileType = sourcecode.swift; path = SceneDelegate.swift; sourceTree = "<group>"; };
		184C709227F32CCA00373B39 /* ViewController.swift */ = {isa = PBXFileReference; lastKnownFileType = sourcecode.swift; path = ViewController.swift; sourceTree = "<group>"; };
		184C709527F32CCA00373B39 /* Base */ = {isa = PBXFileReference; lastKnownFileType = file.storyboard; name = Base; path = Base.lproj/Main.storyboard; sourceTree = "<group>"; };
		184C709727F32CCB00373B39 /* Assets.xcassets */ = {isa = PBXFileReference; lastKnownFileType = folder.assetcatalog; path = Assets.xcassets; sourceTree = "<group>"; };
		184C709A27F32CCB00373B39 /* Base */ = {isa = PBXFileReference; lastKnownFileType = file.storyboard; name = Base; path = Base.lproj/LaunchScreen.storyboard; sourceTree = "<group>"; };
		184C709C27F32CCB00373B39 /* Info.plist */ = {isa = PBXFileReference; lastKnownFileType = text.plist.xml; path = Info.plist; sourceTree = "<group>"; };
		184C70A127F32CCC00373B39 /* JSON AssignmentTests.xctest */ = {isa = PBXFileReference; explicitFileType = wrapper.cfbundle; includeInIndex = 0; path = "JSON AssignmentTests.xctest"; sourceTree = BUILT_PRODUCTS_DIR; };
		184C70A527F32CCC00373B39 /* JSON_AssignmentTests.swift */ = {isa = PBXFileReference; lastKnownFileType = sourcecode.swift; path = JSON_AssignmentTests.swift; sourceTree = "<group>"; };
		184C70AB27F32CCC00373B39 /* JSON AssignmentUITests.xctest */ = {isa = PBXFileReference; explicitFileType = wrapper.cfbundle; includeInIndex = 0; path = "JSON AssignmentUITests.xctest"; sourceTree = BUILT_PRODUCTS_DIR; };
		184C70AF27F32CCC00373B39 /* JSON_AssignmentUITests.swift */ = {isa = PBXFileReference; lastKnownFileType = sourcecode.swift; path = JSON_AssignmentUITests.swift; sourceTree = "<group>"; };
		184C70B127F32CCC00373B39 /* JSON_AssignmentUITestsLaunchTests.swift */ = {isa = PBXFileReference; lastKnownFileType = sourcecode.swift; path = JSON_AssignmentUITestsLaunchTests.swift; sourceTree = "<group>"; };
/* End PBXFileReference section */

/* Begin PBXFrameworksBuildPhase section */
		184C708827F32CCA00373B39 /* Frameworks */ = {
			isa = PBXFrameworksBuildPhase;
			buildActionMask = 2147483647;
			files = (
			);
			runOnlyForDeploymentPostprocessing = 0;
		};
		184C709E27F32CCC00373B39 /* Frameworks */ = {
			isa = PBXFrameworksBuildPhase;
			buildActionMask = 2147483647;
			files = (
			);
			runOnlyForDeploymentPostprocessing = 0;
		};
		184C70A827F32CCC00373B39 /* Frameworks */ = {
			isa = PBXFrameworksBuildPhase;
			buildActionMask = 2147483647;
			files = (
			);
			runOnlyForDeploymentPostprocessing = 0;
		};
/* End PBXFrameworksBuildPhase section */

/* Begin PBXGroup section */
		184C708227F32CCA00373B39 = {
			isa = PBXGroup;
			children = (
				184C708D27F32CCA00373B39 /* JSON Assignment */,
				184C70A427F32CCC00373B39 /* JSON AssignmentTests */,
				184C70AE27F32CCC00373B39 /* JSON AssignmentUITests */,
				184C708C27F32CCA00373B39 /* Products */,
			);
			sourceTree = "<group>";
		};
		184C708C27F32CCA00373B39 /* Products */ = {
			isa = PBXGroup;
			children = (
				184C708B27F32CCA00373B39 /* JSON Assignment.app */,
				184C70A127F32CCC00373B39 /* JSON AssignmentTests.xctest */,
				184C70AB27F32CCC00373B39 /* JSON AssignmentUITests.xctest */,
			);
			name = Products;
			sourceTree = "<group>";
		};
		184C708D27F32CCA00373B39 /* JSON Assignment */ = {
			isa = PBXGroup;
			children = (
				184C708E27F32CCA00373B39 /* AppDelegate.swift */,
				184C709027F32CCA00373B39 /* SceneDelegate.swift */,
				184C709227F32CCA00373B39 /* ViewController.swift */,
				184C709427F32CCA00373B39 /* Main.storyboard */,
				184C709727F32CCB00373B39 /* Assets.xcassets */,
				184C709927F32CCB00373B39 /* LaunchScreen.storyboard */,
				184C709C27F32CCB00373B39 /* Info.plist */,
			);
			path = "JSON Assignment";
			sourceTree = "<group>";
		};
		184C70A427F32CCC00373B39 /* JSON AssignmentTests */ = {
			isa = PBXGroup;
			children = (
				184C70A527F32CCC00373B39 /* JSON_AssignmentTests.swift */,
			);
			path = "JSON AssignmentTests";
			sourceTree = "<group>";
		};
		184C70AE27F32CCC00373B39 /* JSON AssignmentUITests */ = {
			isa = PBXGroup;
			children = (
				184C70AF27F32CCC00373B39 /* JSON_AssignmentUITests.swift */,
				184C70B127F32CCC00373B39 /* JSON_AssignmentUITestsLaunchTests.swift */,
			);
			path = "JSON AssignmentUITests";
			sourceTree = "<group>";
		};
/* End PBXGroup section */

/* Begin PBXNativeTarget section */
		184C708A27F32CCA00373B39 /* JSON Assignment */ = {
			isa = PBXNativeTarget;
			buildConfigurationList = 184C70B527F32CCC00373B39 /* Build configuration list for PBXNativeTarget "JSON Assignment" */;
			buildPhases = (
				184C708727F32CCA00373B39 /* Sources */,
				184C708827F32CCA00373B39 /* Frameworks */,
				184C708927F32CCA00373B39 /* Resources */,
			);
			buildRules = (
			);
			dependencies = (
			);
			name = "JSON Assignment";
			productName = "JSON Assignment";
			productReference = 184C708B27F32CCA00373B39 /* JSON Assignment.app */;
			productType = "com.apple.product-type.application";
		};
		184C70A027F32CCC00373B39 /* JSON AssignmentTests */ = {
			isa = PBXNativeTarget;
			buildConfigurationList = 184C70B827F32CCC00373B39 /* Build configuration list for PBXNativeTarget "JSON AssignmentTests" */;
			buildPhases = (
				184C709D27F32CCC00373B39 /* Sources */,
				184C709E27F32CCC00373B39 /* Frameworks */,
				184C709F27F32CCC00373B39 /* Resources */,
			);
			buildRules = (
			);
			dependencies = (
				184C70A327F32CCC00373B39 /* PBXTargetDependency */,
			);
			name = "JSON AssignmentTests";
			productName = "JSON AssignmentTests";
			productReference = 184C70A127F32CCC00373B39 /* JSON AssignmentTests.xctest */;
			productType = "com.apple.product-type.bundle.unit-test";
		};
		184C70AA27F32CCC00373B39 /* JSON AssignmentUITests */ = {
			isa = PBXNativeTarget;
			buildConfigurationList = 184C70BB27F32CCC00373B39 /* Build configuration list for PBXNativeTarget "JSON AssignmentUITests" */;
			buildPhases = (
				184C70A727F32CCC00373B39 /* Sources */,
				184C70A827F32CCC00373B39 /* Frameworks */,
				184C70A927F32CCC00373B39 /* Resources */,
			);
			buildRules = (
			);
			dependencies = (
				184C70AD27F32CCC00373B39 /* PBXTargetDependency */,
			);
			name = "JSON AssignmentUITests";
			productName = "JSON AssignmentUITests";
			productReference = 184C70AB27F32CCC00373B39 /* JSON AssignmentUITests.xctest */;
			productType = "com.apple.product-type.bundle.ui-testing";
		};
/* End PBXNativeTarget section */

/* Begin PBXProject section */
		184C708327F32CCA00373B39 /* Project object */ = {
			isa = PBXProject;
			attributes = {
				BuildIndependentTargetsInParallel = 1;
				LastSwiftUpdateCheck = 1320;
				LastUpgradeCheck = 1320;
				TargetAttributes = {
					184C708A27F32CCA00373B39 = {
						CreatedOnToolsVersion = 13.2.1;
					};
					184C70A027F32CCC00373B39 = {
						CreatedOnToolsVersion = 13.2.1;
						TestTargetID = 184C708A27F32CCA00373B39;
					};
					184C70AA27F32CCC00373B39 = {
						CreatedOnToolsVersion = 13.2.1;
						TestTargetID = 184C708A27F32CCA00373B39;
					};
				};
			};
			buildConfigurationList = 184C708627F32CCA00373B39 /* Build configuration list for PBXProject "JSON Assignment" */;
			compatibilityVersion = "Xcode 13.0";
			developmentRegion = en;
			hasScannedForEncodings = 0;
			knownRegions = (
				en,
				Base,
			);
			mainGroup = 184C708227F32CCA00373B39;
			productRefGroup = 184C708C27F32CCA00373B39 /* Products */;
			projectDirPath = "";
			projectRoot = "";
			targets = (
				184C708A27F32CCA00373B39 /* JSON Assignment */,
				184C70A027F32CCC00373B39 /* JSON AssignmentTests */,
				184C70AA27F32CCC00373B39 /* JSON AssignmentUITests */,
			);
		};
/* End PBXProject section */

/* Begin PBXResourcesBuildPhase section */
		184C708927F32CCA00373B39 /* Resources */ = {
			isa = PBXResourcesBuildPhase;
			buildActionMask = 2147483647;
			files = (
				184C709B27F32CCB00373B39 /* LaunchScreen.storyboard in Resources */,
				184C709827F32CCB00373B39 /* Assets.xcassets in Resources */,
				184C709627F32CCA00373B39 /* Main.storyboard in Resources */,
			);
			runOnlyForDeploymentPostprocessing = 0;
		};
		184C709F27F32CCC00373B39 /* Resources */ = {
			isa = PBXResourcesBuildPhase;
			buildActionMask = 2147483647;
			files = (
			);
			runOnlyForDeploymentPostprocessing = 0;
		};
		184C70A927F32CCC00373B39 /* Resources */ = {
			isa = PBXResourcesBuildPhase;
			buildActionMask = 2147483647;
			files = (
			);
			runOnlyForDeploymentPostprocessing = 0;
		};
/* End PBXResourcesBuildPhase section */

/* Begin PBXSourcesBuildPhase section */
		184C708727F32CCA00373B39 /* Sources */ = {
			isa = PBXSourcesBuildPhase;
			buildActionMask = 2147483647;
			files = (
				184C709327F32CCA00373B39 /* ViewController.swift in Sources */,
				184C708F27F32CCA00373B39 /* AppDelegate.swift in Sources */,
				184C709127F32CCA00373B39 /* SceneDelegate.swift in Sources */,
			);
			runOnlyForDeploymentPostprocessing = 0;
		};
		184C709D27F32CCC00373B39 /* Sources */ = {
			isa = PBXSourcesBuildPhase;
			buildActionMask = 2147483647;
			files = (
				184C70A627F32CCC00373B39 /* JSON_AssignmentTests.swift in Sources */,
			);
			runOnlyForDeploymentPostprocessing = 0;
		};
		184C70A727F32CCC00373B39 /* Sources */ = {
			isa = PBXSourcesBuildPhase;
			buildActionMask = 2147483647;
			files = (
				184C70B027F32CCC00373B39 /* JSON_AssignmentUITests.swift in Sources */,
				184C70B227F32CCC00373B39 /* JSON_AssignmentUITestsLaunchTests.swift in Sources */,
			);
			runOnlyForDeploymentPostprocessing = 0;
		};
/* End PBXSourcesBuildPhase section */

/* Begin PBXTargetDependency section */
		184C70A327F32CCC00373B39 /* PBXTargetDependency */ = {
			isa = PBXTargetDependency;
			target = 184C708A27F32CCA00373B39 /* JSON Assignment */;
			targetProxy = 184C70A227F32CCC00373B39 /* PBXContainerItemProxy */;
		};
		184C70AD27F32CCC00373B39 /* PBXTargetDependency */ = {
			isa = PBXTargetDependency;
			target = 184C708A27F32CCA00373B39 /* JSON Assignment */;
			targetProxy = 184C70AC27F32CCC00373B39 /* PBXContainerItemProxy */;
		};
/* End PBXTargetDependency section */

/* Begin PBXVariantGroup section */
		184C709427F32CCA00373B39 /* Main.storyboard */ = {
			isa = PBXVariantGroup;
			children = (
				184C709527F32CCA00373B39 /* Base */,
			);
			name = Main.storyboard;
			sourceTree = "<group>";
		};
		184C709927F32CCB00373B39 /* LaunchScreen.storyboard */ = {
			isa = PBXVariantGroup;
			children = (
				184C709A27F32CCB00373B39 /* Base */,
			);
			name = LaunchScreen.storyboard;
			sourceTree = "<group>";
		};
/* End PBXVariantGroup section */

/* Begin XCBuildConfiguration section */
		184C70B327F32CCC00373B39 /* Debug */ = {
			isa = XCBuildConfiguration;
			buildSettings = {
				ALWAYS_SEARCH_USER_PATHS = NO;
				CLANG_ANALYZER_NONNULL = YES;
				CLANG_ANALYZER_NUMBER_OBJECT_CONVERSION = YES_AGGRESSIVE;
				CLANG_CXX_LANGUAGE_STANDARD = "gnu++17";
				CLANG_CXX_LIBRARY = "libc++";
				CLANG_ENABLE_MODULES = YES;
				CLANG_ENABLE_OBJC_ARC = YES;
				CLANG_ENABLE_OBJC_WEAK = YES;
				CLANG_WARN_BLOCK_CAPTURE_AUTORELEASING = YES;
				CLANG_WARN_BOOL_CONVERSION = YES;
				CLANG_WARN_COMMA = YES;
				CLANG_WARN_CONSTANT_CONVERSION = YES;
				CLANG_WARN_DEPRECATED_OBJC_IMPLEMENTATIONS = YES;
				CLANG_WARN_DIRECT_OBJC_ISA_USAGE = YES_ERROR;
				CLANG_WARN_DOCUMENTATION_COMMENTS = YES;
				CLANG_WARN_EMPTY_BODY = YES;
				CLANG_WARN_ENUM_CONVERSION = YES;
				CLANG_WARN_INFINITE_RECURSION = YES;
				CLANG_WARN_INT_CONVERSION = YES;
				CLANG_WARN_NON_LITERAL_NULL_CONVERSION = YES;
				CLANG_WARN_OBJC_IMPLICIT_RETAIN_SELF = YES;
				CLANG_WARN_OBJC_LITERAL_CONVERSION = YES;
				CLANG_WARN_OBJC_ROOT_CLASS = YES_ERROR;
				CLANG_WARN_QUOTED_INCLUDE_IN_FRAMEWORK_HEADER = YES;
				CLANG_WARN_RANGE_LOOP_ANALYSIS = YES;
				CLANG_WARN_STRICT_PROTOTYPES = YES;
				CLANG_WARN_SUSPICIOUS_MOVE = YES;
				CLANG_WARN_UNGUARDED_AVAILABILITY = YES_AGGRESSIVE;
				CLANG_WARN_UNREACHABLE_CODE = YES;
				CLANG_WARN__DUPLICATE_METHOD_MATCH = YES;
				COPY_PHASE_STRIP = NO;
				DEBUG_INFORMATION_FORMAT = dwarf;
				ENABLE_STRICT_OBJC_MSGSEND = YES;
				ENABLE_TESTABILITY = YES;
				GCC_C_LANGUAGE_STANDARD = gnu11;
				GCC_DYNAMIC_NO_PIC = NO;
				GCC_NO_COMMON_BLOCKS = YES;
				GCC_OPTIMIZATION_LEVEL = 0;
				GCC_PREPROCESSOR_DEFINITIONS = (
					"DEBUG=1",
					"$(inherited)",
				);
				GCC_WARN_64_TO_32_BIT_CONVERSION = YES;
				GCC_WARN_ABOUT_RETURN_TYPE = YES_ERROR;
				GCC_WARN_UNDECLARED_SELECTOR = YES;
				GCC_WARN_UNINITIALIZED_AUTOS = YES_AGGRESSIVE;
				GCC_WARN_UNUSED_FUNCTION = YES;
				GCC_WARN_UNUSED_VARIABLE = YES;
				IPHONEOS_DEPLOYMENT_TARGET = 15.2;
				MTL_ENABLE_DEBUG_INFO = INCLUDE_SOURCE;
				MTL_FAST_MATH = YES;
				ONLY_ACTIVE_ARCH = YES;
				SDKROOT = iphoneos;
				SWIFT_ACTIVE_COMPILATION_CONDITIONS = DEBUG;
				SWIFT_OPTIMIZATION_LEVEL = "-Onone";
			};
			name = Debug;
		};
		184C70B427F32CCC00373B39 /* Release */ = {
			isa = XCBuildConfiguration;
			buildSettings = {
				ALWAYS_SEARCH_USER_PATHS = NO;
				CLANG_ANALYZER_NONNULL = YES;
				CLANG_ANALYZER_NUMBER_OBJECT_CONVERSION = YES_AGGRESSIVE;
				CLANG_CXX_LANGUAGE_STANDARD = "gnu++17";
				CLANG_CXX_LIBRARY = "libc++";
				CLANG_ENABLE_MODULES = YES;
				CLANG_ENABLE_OBJC_ARC = YES;
				CLANG_ENABLE_OBJC_WEAK = YES;
				CLANG_WARN_BLOCK_CAPTURE_AUTORELEASING = YES;
				CLANG_WARN_BOOL_CONVERSION = YES;
				CLANG_WARN_COMMA = YES;
				CLANG_WARN_CONSTANT_CONVERSION = YES;
				CLANG_WARN_DEPRECATED_OBJC_IMPLEMENTATIONS = YES;
				CLANG_WARN_DIRECT_OBJC_ISA_USAGE = YES_ERROR;
				CLANG_WARN_DOCUMENTATION_COMMENTS = YES;
				CLANG_WARN_EMPTY_BODY = YES;
				CLANG_WARN_ENUM_CONVERSION = YES;
				CLANG_WARN_INFINITE_RECURSION = YES;
				CLANG_WARN_INT_CONVERSION = YES;
				CLANG_WARN_NON_LITERAL_NULL_CONVERSION = YES;
				CLANG_WARN_OBJC_IMPLICIT_RETAIN_SELF = YES;
				CLANG_WARN_OBJC_LITERAL_CONVERSION = YES;
				CLANG_WARN_OBJC_ROOT_CLASS = YES_ERROR;
				CLANG_WARN_QUOTED_INCLUDE_IN_FRAMEWORK_HEADER = YES;
				CLANG_WARN_RANGE_LOOP_ANALYSIS = YES;
				CLANG_WARN_STRICT_PROTOTYPES = YES;
				CLANG_WARN_SUSPICIOUS_MOVE = YES;
				CLANG_WARN_UNGUARDED_AVAILABILITY = YES_AGGRESSIVE;
				CLANG_WARN_UNREACHABLE_CODE = YES;
				CLANG_WARN__DUPLICATE_METHOD_MATCH = YES;
				COPY_PHASE_STRIP = NO;
				DEBUG_INFORMATION_FORMAT = "dwarf-with-dsym";
				ENABLE_NS_ASSERTIONS = NO;
				ENABLE_STRICT_OBJC_MSGSEND = YES;
				GCC_C_LANGUAGE_STANDARD = gnu11;
				GCC_NO_COMMON_BLOCKS = YES;
				GCC_WARN_64_TO_32_BIT_CONVERSION = YES;
				GCC_WARN_ABOUT_RETURN_TYPE = YES_ERROR;
				GCC_WARN_UNDECLARED_SELECTOR = YES;
				GCC_WARN_UNINITIALIZED_AUTOS = YES_AGGRESSIVE;
				GCC_WARN_UNUSED_FUNCTION = YES;
				GCC_WARN_UNUSED_VARIABLE = YES;
				IPHONEOS_DEPLOYMENT_TARGET = 15.2;
				MTL_ENABLE_DEBUG_INFO = NO;
				MTL_FAST_MATH = YES;
				SDKROOT = iphoneos;
				SWIFT_COMPILATION_MODE = wholemodule;
				SWIFT_OPTIMIZATION_LEVEL = "-O";
				VALIDATE_PRODUCT = YES;
			};
			name = Release;
		};
		184C70B627F32CCC00373B39 /* Debug */ = {
			isa = XCBuildConfiguration;
			buildSettings = {
				ASSETCATALOG_COMPILER_APPICON_NAME = AppIcon;
				ASSETCATALOG_COMPILER_GLOBAL_ACCENT_COLOR_NAME = AccentColor;
				CODE_SIGN_STYLE = Automatic;
				CURRENT_PROJECT_VERSION = 1;
				GENERATE_INFOPLIST_FILE = YES;
				INFOPLIST_FILE = "JSON Assignment/Info.plist";
				INFOPLIST_KEY_UIApplicationSupportsIndirectInputEvents = YES;
				INFOPLIST_KEY_UILaunchStoryboardName = LaunchScreen;
				INFOPLIST_KEY_UIMainStoryboardFile = Main;
				INFOPLIST_KEY_UISupportedInterfaceOrientations_iPad = "UIInterfaceOrientationPortrait UIInterfaceOrientationPortraitUpsideDown UIInterfaceOrientationLandscapeLeft UIInterfaceOrientationLandscapeRight";
				INFOPLIST_KEY_UISupportedInterfaceOrientations_iPhone = "UIInterfaceOrientationPortrait UIInterfaceOrientationLandscapeLeft UIInterfaceOrientationLandscapeRight";
				LD_RUNPATH_SEARCH_PATHS = (
					"$(inherited)",
					"@executable_path/Frameworks",
				);
				MARKETING_VERSION = 1.0;
				PRODUCT_BUNDLE_IDENTIFIER = "Apurva.JSON-Assignment";
				PRODUCT_NAME = "$(TARGET_NAME)";
				SWIFT_EMIT_LOC_STRINGS = YES;
				SWIFT_VERSION = 5.0;
				TARGETED_DEVICE_FAMILY = "1,2";
			};
			name = Debug;
		};
		184C70B727F32CCC00373B39 /* Release */ = {
			isa = XCBuildConfiguration;
			buildSettings = {
				ASSETCATALOG_COMPILER_APPICON_NAME = AppIcon;
				ASSETCATALOG_COMPILER_GLOBAL_ACCENT_COLOR_NAME = AccentColor;
				CODE_SIGN_STYLE = Automatic;
				CURRENT_PROJECT_VERSION = 1;
				GENERATE_INFOPLIST_FILE = YES;
				INFOPLIST_FILE = "JSON Assignment/Info.plist";
				INFOPLIST_KEY_UIApplicationSupportsIndirectInputEvents = YES;
				INFOPLIST_KEY_UILaunchStoryboardName = LaunchScreen;
				INFOPLIST_KEY_UIMainStoryboardFile = Main;
				INFOPLIST_KEY_UISupportedInterfaceOrientations_iPad = "UIInterfaceOrientationPortrait UIInterfaceOrientationPortraitUpsideDown UIInterfaceOrientationLandscapeLeft UIInterfaceOrientationLandscapeRight";
				INFOPLIST_KEY_UISupportedInterfaceOrientations_iPhone = "UIInterfaceOrientationPortrait UIInterfaceOrientationLandscapeLeft UIInterfaceOrientationLandscapeRight";
				LD_RUNPATH_SEARCH_PATHS = (
					"$(inherited)",
					"@executable_path/Frameworks",
				);
				MARKETING_VERSION = 1.0;
				PRODUCT_BUNDLE_IDENTIFIER = "Apurva.JSON-Assignment";
				PRODUCT_NAME = "$(TARGET_NAME)";
				SWIFT_EMIT_LOC_STRINGS = YES;
				SWIFT_VERSION = 5.0;
				TARGETED_DEVICE_FAMILY = "1,2";
			};
			name = Release;
		};
		184C70B927F32CCC00373B39 /* Debug */ = {
			isa = XCBuildConfiguration;
			buildSettings = {
				ALWAYS_EMBED_SWIFT_STANDARD_LIBRARIES = YES;
				BUNDLE_LOADER = "$(TEST_HOST)";
				CODE_SIGN_STYLE = Automatic;
				CURRENT_PROJECT_VERSION = 1;
				GENERATE_INFOPLIST_FILE = YES;
				IPHONEOS_DEPLOYMENT_TARGET = 15.2;
				MARKETING_VERSION = 1.0;
				PRODUCT_BUNDLE_IDENTIFIER = "Apurva.JSON-AssignmentTests";
				PRODUCT_NAME = "$(TARGET_NAME)";
				SWIFT_EMIT_LOC_STRINGS = NO;
				SWIFT_VERSION = 5.0;
				TARGETED_DEVICE_FAMILY = "1,2";
				TEST_HOST = "$(BUILT_PRODUCTS_DIR)/JSON Assignment.app/JSON Assignment";
			};
			name = Debug;
		};
		184C70BA27F32CCC00373B39 /* Release */ = {
			isa = XCBuildConfiguration;
			buildSettings = {
				ALWAYS_EMBED_SWIFT_STANDARD_LIBRARIES = YES;
				BUNDLE_LOADER = "$(TEST_HOST)";
				CODE_SIGN_STYLE = Automatic;
				CURRENT_PROJECT_VERSION = 1;
				GENERATE_INFOPLIST_FILE = YES;
				IPHONEOS_DEPLOYMENT_TARGET = 15.2;
				MARKETING_VERSION = 1.0;
				PRODUCT_BUNDLE_IDENTIFIER = "Apurva.JSON-AssignmentTests";
				PRODUCT_NAME = "$(TARGET_NAME)";
				SWIFT_EMIT_LOC_STRINGS = NO;
				SWIFT_VERSION = 5.0;
				TARGETED_DEVICE_FAMILY = "1,2";
				TEST_HOST = "$(BUILT_PRODUCTS_DIR)/JSON Assignment.app/JSON Assignment";
			};
			name = Release;
		};
		184C70BC27F32CCC00373B39 /* Debug */ = {
			isa = XCBuildConfiguration;
			buildSettings = {
				ALWAYS_EMBED_SWIFT_STANDARD_LIBRARIES = YES;
				CODE_SIGN_STYLE = Automatic;
				CURRENT_PROJECT_VERSION = 1;
				GENERATE_INFOPLIST_FILE = YES;
				MARKETING_VERSION = 1.0;
				PRODUCT_BUNDLE_IDENTIFIER = "Apurva.JSON-AssignmentUITests";
				PRODUCT_NAME = "$(TARGET_NAME)";
				SWIFT_EMIT_LOC_STRINGS = NO;
				SWIFT_VERSION = 5.0;
				TARGETED_DEVICE_FAMILY = "1,2";
				TEST_TARGET_NAME = "JSON Assignment";
			};
			name = Debug;
		};
		184C70BD27F32CCC00373B39 /* Release */ = {
			isa = XCBuildConfiguration;
			buildSettings = {
				ALWAYS_EMBED_SWIFT_STANDARD_LIBRARIES = YES;
				CODE_SIGN_STYLE = Automatic;
				CURRENT_PROJECT_VERSION = 1;
				GENERATE_INFOPLIST_FILE = YES;
				MARKETING_VERSION = 1.0;
				PRODUCT_BUNDLE_IDENTIFIER = "Apurva.JSON-AssignmentUITests";
				PRODUCT_NAME = "$(TARGET_NAME)";
				SWIFT_EMIT_LOC_STRINGS = NO;
				SWIFT_VERSION = 5.0;
				TARGETED_DEVICE_FAMILY = "1,2";
				TEST_TARGET_NAME = "JSON Assignment";
			};
			name = Release;
		};
/* End XCBuildConfiguration section */

/* Begin XCConfigurationList section */
		184C708627F32CCA00373B39 /* Build configuration list for PBXProject "JSON Assignment" */ = {
			isa = XCConfigurationList;
			buildConfigurations = (
				184C70B327F32CCC00373B39 /* Debug */,
				184C70B427F32CCC00373B39 /* Release */,
			);
			defaultConfigurationIsVisible = 0;
			defaultConfigurationName = Release;
		};
		184C70B527F32CCC00373B39 /* Build configuration list for PBXNativeTarget "JSON Assignment" */ = {
			isa = XCConfigurationList;
			buildConfigurations = (
				184C70B627F32CCC00373B39 /* Debug */,
				184C70B727F32CCC00373B39 /* Release */,
			);
			defaultConfigurationIsVisible = 0;
			defaultConfigurationName = Release;
		};
		184C70B827F32CCC00373B39 /* Build configuration list for PBXNativeTarget "JSON AssignmentTests" */ = {
			isa = XCConfigurationList;
			buildConfigurations = (
				184C70B927F32CCC00373B39 /* Debug */,
				184C70BA27F32CCC00373B39 /* Release */,
			);
			defaultConfigurationIsVisible = 0;
			defaultConfigurationName = Release;
		};
		184C70BB27F32CCC00373B39 /* Build configuration list for PBXNativeTarget "JSON AssignmentUITests" */ = {
			isa = XCConfigurationList;
			buildConfigurations = (
				184C70BC27F32CCC00373B39 /* Debug */,
				184C70BD27F32CCC00373B39 /* Release */,
			);
			defaultConfigurationIsVisible = 0;
			defaultConfigurationName = Release;
		};
/* End XCConfigurationList section */
	};
	rootObject = 184C708327F32CCA00373B39 /* Project object */;
}
